
Microsoft Visual Studio Solution File, Format Version 12.00
# Visual Studio Version 16
VisualStudioVersion = 16.0.32510.428
MinimumVisualStudioVersion = 10.0.40219.1
Project("{FAE04EC0-301F-11D3-BF4B-00C04F79EFBC}") = "AttendanceSystemUsingQRCode.UWP", "AttendanceSystemUsingQRCode\AttendanceSystemUsingQRCode.UWP\AttendanceSystemUsingQRCode.UWP.csproj", "{B0CAC66D-27C0-4A44-805B-4F7808FE59F9}"
EndProject
Project("{FAE04EC0-301F-11D3-BF4B-00C04F79EFBC}") = "AttendanceSystemUsingQRCode.Android", "AttendanceSystemUsingQRCode\AttendanceSystemUsingQRCode.Android\AttendanceSystemUsingQRCode.Android.csproj", "{7E8D4F78-DD37-480D-BAEA-C3C39E385100}"
EndProject
Project("{FAE04EC0-301F-11D3-BF4B-00C04F79EFBC}") = "AttendanceSystemUsingQRCode.iOS", "AttendanceSystemUsingQRCode\AttendanceSystemUsingQRCode.iOS\AttendanceSystemUsingQRCode.iOS.csproj", "{E12189DA-313A-469E-84DB-902D65D08415}"
EndProject
Project("{FAE04EC0-301F-11D3-BF4B-00C04F79EFBC}") = "AttendanceSystemUsingQRCode", "AttendanceSystemUsingQRCode\AttendanceSystemUsingQRCode\AttendanceSystemUsingQRCode.csproj", "{9337F9BF-5533-4400-BC18-52DBCAC9A1B9}"
EndProject
Global
	GlobalSection(SolutionConfigurationPlatforms) = preSolution
		Debug|Any CPU = Debug|Any CPU
		Debug|ARM = Debug|ARM
		Debug|iPhone = Debug|iPhone
		Debug|iPhoneSimulator = Debug|iPhoneSimulator
		Debug|x64 = Debug|x64
		Debug|x86 = Debug|x86
		Release|Any CPU = Release|Any CPU
		Release|ARM = Release|ARM
		Release|iPhone = Release|iPhone
		Release|iPhoneSimulator = Release|iPhoneSimulator
		Release|x64 = Release|x64
		Release|x86 = Release|x86
	EndGlobalSection
	GlobalSection(ProjectConfigurationPlatforms) = postSolution
		{B0CAC66D-27C0-4A44-805B-4F7808FE59F9}.Debug|Any CPU.ActiveCfg = Debug|x86
		{B0CAC66D-27C0-4A44-805B-4F7808FE59F9}.Debug|Any CPU.Build.0 = Debug|x86
		{B0CAC66D-27C0-4A44-805B-4F7808FE59F9}.Debug|Any CPU.Deploy.0 = Debug|x86
		{B0CAC66D-27C0-4A44-805B-4F7808FE59F9}.Debug|ARM.ActiveCfg = Debug|ARM
		{B0CAC66D-27C0-4A44-805B-4F7808FE59F9}.Debug|ARM.Build.0 = Debug|ARM
		{B0CAC66D-27C0-4A44-805B-4F7808FE59F9}.Debug|ARM.Deploy.0 = Debug|ARM
		{B0CAC66D-27C0-4A44-805B-4F7808FE59F9}.Debug|iPhone.ActiveCfg = Debug|x86
		{B0CAC66D-27C0-4A44-805B-4F7808FE59F9}.Debug|iPhone.Build.0 = Debug|x86
		{B0CAC66D-27C0-4A44-805B-4F7808FE59F9}.Debug|iPhone.Deploy.0 = Debug|x86
		{B0CAC66D-27C0-4A44-805B-4F7808FE59F9}.Debug|iPhoneSimulator.ActiveCfg = Debug|x86
		{B0CAC66D-27C0-4A44-805B-4F7808FE59F9}.Debug|iPhoneSimulator.Build.0 = Debug|x86
		{B0CAC66D-27C0-4A44-805B-4F7808FE59F9}.Debug|iPhoneSimulator.Deploy.0 = Debug|x86
		{B0CAC66D-27C0-4A44-805B-4F7808FE59F9}.Debug|x64.ActiveCfg = Debug|x64
		{B0CAC66D-27C0-4A44-805B-4F7808FE59F9}.Debug|x64.Build.0 = Debug|x64
		{B0CAC66D-27C0-4A44-805B-4F7808FE59F9}.Debug|x64.Deploy.0 = Debug|x64
		{B0CAC66D-27C0-4A44-805B-4F7808FE59F9}.Debug|x86.ActiveCfg = Debug|x86
		{B0CAC66D-27C0-4A44-805B-4F7808FE59F9}.Debug|x86.Build.0 = Debug|x86
		{B0CAC66D-27C0-4A44-805B-4F7808FE59F9}.Debug|x86.Deploy.0 = Debug|x86
		{B0CAC66D-27C0-4A44-805B-4F7808FE59F9}.Release|Any CPU.ActiveCfg = Release|x86
		{B0CAC66D-27C0-4A44-805B-4F7808FE59F9}.Release|Any CPU.Build.0 = Release|x86
		{B0CAC66D-27C0-4A44-805B-4F7808FE59F9}.Release|Any CPU.Deploy.0 = Release|x86
		{B0CAC66D-27C0-4A44-805B-4F7808FE59F9}.Release|ARM.ActiveCfg = Release|ARM
		{B0CAC66D-27C0-4A44-805B-4F7808FE59F9}.Release|ARM.Build.0 = Release|ARM
		{B0CAC66D-27C0-4A44-805B-4F7808FE59F9}.Release|ARM.Deploy.0 = Release|ARM
		{B0CAC66D-27C0-4A44-805B-4F7808FE59F9}.Release|iPhone.ActiveCfg = Release|x86
		{B0CAC66D-27C0-4A44-805B-4F7808FE59F9}.Release|iPhone.Build.0 = Release|x86
		{B0CAC66D-27C0-4A44-805B-4F7808FE59F9}.Release|iPhone.Deploy.0 = Release|x86
		{B0CAC66D-27C0-4A44-805B-4F7808FE59F9}.Release|iPhoneSimulator.ActiveCfg = Release|x86
		{B0CAC66D-27C0-4A44-805B-4F7808FE59F9}.Release|iPhoneSimulator.Build.0 = Release|x86
		{B0CAC66D-27C0-4A44-805B-4F7808FE59F9}.Release|iPhoneSimulator.Deploy.0 = Release|x86
		{B0CAC66D-27C0-4A44-805B-4F7808FE59F9}.Release|x64.ActiveCfg = Release|x64
		{B0CAC66D-27C0-4A44-805B-4F7808FE59F9}.Release|x64.Build.0 = Release|x64
		{B0CAC66D-27C0-4A44-805B-4F7808FE59F9}.Release|x64.Deploy.0 = Release|x64
		{B0CAC66D-27C0-4A44-805B-4F7808FE59F9}.Release|x86.ActiveCfg = Release|x86
		{B0CAC66D-27C0-4A44-805B-4F7808FE59F9}.Release|x86.Build.0 = Release|x86
		{B0CAC66D-27C0-4A44-805B-4F7808FE59F9}.Release|x86.Deploy.0 = Release|x86
		{7E8D4F78-DD37-480D-BAEA-C3C39E385100}.Debug|Any CPU.ActiveCfg = Debug|Any CPU
		{7E8D4F78-DD37-480D-BAEA-C3C39E385100}.Debug|Any CPU.Build.0 = Debug|Any CPU
		{7E8D4F78-DD37-480D-BAEA-C3C39E385100}.Debug|Any CPU.Deploy.0 = Debug|Any CPU
		{7E8D4F78-DD37-480D-BAEA-C3C39E385100}.Debug|ARM.ActiveCfg = Debug|Any CPU
		{7E8D4F78-DD37-480D-BAEA-C3C39E385100}.Debug|ARM.Build.0 = Debug|Any CPU
		{7E8D4F78-DD37-480D-BAEA-C3C39E385100}.Debug|ARM.Deploy.0 = Debug|Any CPU
		{7E8D4F78-DD37-480D-BAEA-C3C39E385100}.Debug|iPhone.ActiveCfg = Debug|Any CPU
		{7E8D4F78-DD37-480D-BAEA-C3C39E385100}.Debug|iPhone.Build.0 = Debug|Any CPU
		{7E8D4F78-DD37-480D-BAEA-C3C39E385100}.Debug|iPhone.Deploy.0 = Debug|Any CPU
		{7E8D4F78-DD37-480D-BAEA-C3C39E385100}.Debug|iPhoneSimulator.ActiveCfg = Debug|Any CPU
		{7E8D4F78-DD37-480D-BAEA-C3C39E385100}.Debug|iPhoneSimulator.Build.0 = Debug|Any CPU
		{7E8D4F78-DD37-480D-BAEA-C3C39E385100}.Debug|iPhoneSimulator.Deploy.0 = Debug|Any CPU
		{7E8D4F78-DD37-480D-BAEA-C3C39E385100}.Debug|x64.ActiveCfg = Debug|Any CPU
		{7E8D4F78-DD37-480D-BAEA-C3C39E385100}.Debug|x64.Build.0 = Debug|Any CPU
		{7E8D4F78-DD37-480D-BAEA-C3C39E385100}.Debug|x64.Deploy.0 = Debug|Any CPU
		{7E8D4F78-DD37-480D-BAEA-C3C39E385100}.Debug|x86.ActiveCfg = Debug|Any CPU
		{7E8D4F78-DD37-480D-BAEA-C3C39E385100}.Debug|x86.Build.0 = Debug|Any CPU
		{7E8D4F78-DD37-480D-BAEA-C3C39E385100}.Debug|x86.Deploy.0 = Debug|Any CPU
		{7E8D4F78-DD37-480D-BAEA-C3C39E385100}.Release|Any CPU.ActiveCfg = Release|Any CPU
		{7E8D4F78-DD37-480D-BAEA-C3C39E385100}.Release|Any CPU.Build.0 = Release|Any CPU
		{7E8D4F78-DD37-480D-BAEA-C3C39E385100}.Release|Any CPU.Deploy.0 = Release|Any CPU
		{7E8D4F78-DD37-480D-BAEA-C3C39E385100}.Release|ARM.ActiveCfg = Release|Any CPU
		{7E8D4F78-DD37-480D-BAEA-C3C39E385100}.Release|ARM.Build.0 = Release|Any CPU
		{7E8D4F78-DD37-480D-BAEA-C3C39E385100}.Release|ARM.Deploy.0 = Release|Any CPU
		{7E8D4F78-DD37-480D-BAEA-C3C39E385100}.Release|iPhone.ActiveCfg = Release|Any CPU
		{7E8D4F78-DD37-480D-BAEA-C3C39E385100}.Release|iPhone.Build.0 = Release|Any CPU
		{7E8D4F78-DD37-480D-BAEA-C3C39E385100}.Release|iPhone.Deploy.0 = Release|Any CPU
		{7E8D4F78-DD37-480D-BAEA-C3C39E385100}.Release|iPhoneSimulator.ActiveCfg = Release|Any CPU
		{7E8D4F78-DD37-480D-BAEA-C3C39E385100}.Release|iPhoneSimulator.Build.0 = Release|Any CPU
		{7E8D4F78-DD37-480D-BAEA-C3C39E385100}.Release|iPhoneSimulator.Deploy.0 = Release|Any CPU
		{7E8D4F78-DD37-480D-BAEA-C3C39E385100}.Release|x64.ActiveCfg = Release|Any CPU
		{7E8D4F78-DD37-480D-BAEA-C3C39E385100}.Release|x64.Build.0 = Release|Any CPU
		{7E8D4F78-DD37-480D-BAEA-C3C39E385100}.Release|x64.Deploy.0 = Release|Any CPU
		{7E8D4F78-DD37-480D-BAEA-C3C39E385100}.Release|x86.ActiveCfg = Release|Any CPU
		{7E8D4F78-DD37-480D-BAEA-C3C39E385100}.Release|x86.Build.0 = Release|Any CPU
		{7E8D4F78-DD37-480D-BAEA-C3C39E385100}.Release|x86.Deploy.0 = Release|Any CPU
		{E12189DA-313A-469E-84DB-902D65D08415}.Debug|Any CPU.ActiveCfg = Debug|iPhoneSimulator
		{E12189DA-313A-469E-84DB-902D65D08415}.Debug|Any CPU.Build.0 = Debug|iPhoneSimulator
		{E12189DA-313A-469E-84DB-902D65D08415}.Debug|Any CPU.Deploy.0 = Debug|iPhoneSimulator
		{E12189DA-313A-469E-84DB-902D65D08415}.Debug|ARM.ActiveCfg = Debug|iPhone
		{E12189DA-313A-469E-84DB-902D65D08415}.Debug|ARM.Build.0 = Debug|iPhone
		{E12189DA-313A-469E-84DB-902D65D08415}.Debug|ARM.Deploy.0 = Debug|iPhone
		{E12189DA-313A-469E-84DB-902D65D08415}.Debug|iPhone.ActiveCfg = Debug|iPhone
		{E12189DA-313A-469E-84DB-902D65D08415}.Debug|iPhone.Build.0 = Debug|iPhone
		{E12189DA-313A-469E-84DB-902D65D08415}.Debug|iPhone.Deploy.0 = Debug|iPhone
		{E12189DA-313A-469E-84DB-902D65D08415}.Debug|iPhoneSimulator.ActiveCfg = Debug|iPhoneSimulator
		{E12189DA-313A-469E-84DB-902D65D08415}.Debug|iPhoneSimulator.Build.0 = Debug|iPhoneSimulator
		{E12189DA-313A-469E-84DB-902D65D08415}.Debug|iPhoneSimulator.Deploy.0 = Debug|iPhoneSimulator
		{E12189DA-313A-469E-84DB-902D65D08415}.Debug|x64.ActiveCfg = Debug|iPhoneSimulator
		{E12189DA-313A-469E-84DB-902D65D08415}.Debug|x64.Build.0 = Debug|iPhoneSimulator
		{E12189DA-313A-469E-84DB-902D65D08415}.Debug|x64.Deploy.0 = Debug|iPhoneSimulator
		{E12189DA-313A-469E-84DB-902D65D08415}.Debug|x86.ActiveCfg = Debug|iPhoneSimulator
		{E12189DA-313A-469E-84DB-902D65D08415}.Debug|x86.Build.0 = Debug|iPhoneSimulator
		{E12189DA-313A-469E-84DB-902D65D08415}.Debug|x86.Deploy.0 = Debug|iPhoneSimulator
		{E12189DA-313A-469E-84DB-902D65D08415}.Release|Any CPU.ActiveCfg = Release|iPhoneSimulator
		{E12189DA-313A-469E-84DB-902D65D08415}.Release|Any CPU.Build.0 = Release|iPhoneSimulator
		{E12189DA-313A-469E-84DB-902D65D08415}.Release|Any CPU.Deploy.0 = Release|iPhoneSimulator
		{E12189DA-313A-469E-84DB-902D65D08415}.Release|ARM.ActiveCfg = Release|iPhoneSimulator
		{E12189DA-313A-469E-84DB-902D65D08415}.Release|ARM.Build.0 = Release|iPhoneSimulator
		{E12189DA-313A-469E-84DB-902D65D08415}.Release|ARM.Deploy.0 = Release|iPhoneSimulator
		{E12189DA-313A-469E-84DB-902D65D08415}.Release|iPhone.ActiveCfg = Release|iPhone
		{E12189DA-313A-469E-84DB-902D65D08415}.Release|iPhone.Build.0 = Release|iPhone
		{E12189DA-313A-469E-84DB-902D65D08415}.Release|iPhone.Deploy.0 = Release|iPhone
		{E12189DA-313A-469E-84DB-902D65D08415}.Release|iPhoneSimulator.ActiveCfg = Release|iPhoneSimulator
		{E12189DA-313A-469E-84DB-902D65D08415}.Release|iPhoneSimulator.Build.0 = Release|iPhoneSimulator
		{E12189DA-313A-469E-84DB-902D65D08415}.Release|iPhoneSimulator.Deploy.0 = Release|iPhoneSimulator
		{E12189DA-313A-469E-84DB-902D65D08415}.Release|x64.ActiveCfg = Release|iPhoneSimulator
		{E12189DA-313A-469E-84DB-902D65D08415}.Release|x64.Build.0 = Release|iPhoneSimulator
		{E12189DA-313A-469E-84DB-902D65D08415}.Release|x64.Deploy.0 = Release|iPhoneSimulator
		{E12189DA-313A-469E-84DB-902D65D08415}.Release|x86.ActiveCfg = Release|iPhoneSimulator
		{E12189DA-313A-469E-84DB-902D65D08415}.Release|x86.Build.0 = Release|iPhoneSimulator
		{E12189DA-313A-469E-84DB-902D65D08415}.Release|x86.Deploy.0 = Release|iPhoneSimulator
		{9337F9BF-5533-4400-BC18-52DBCAC9A1B9}.Debug|Any CPU.ActiveCfg = Debug|Any CPU
		{9337F9BF-5533-4400-BC18-52DBCAC9A1B9}.Debug|Any CPU.Build.0 = Debug|Any CPU
		{9337F9BF-5533-4400-BC18-52DBCAC9A1B9}.Debug|Any CPU.Deploy.0 = Debug|Any CPU
		{9337F9BF-5533-4400-BC18-52DBCAC9A1B9}.Debug|ARM.ActiveCfg = Debug|Any CPU
		{9337F9BF-5533-4400-BC18-52DBCAC9A1B9}.Debug|ARM.Build.0 = Debug|Any CPU
		{9337F9BF-5533-4400-BC18-52DBCAC9A1B9}.Debug|ARM.Deploy.0 = Debug|Any CPU
		{9337F9BF-5533-4400-BC18-52DBCAC9A1B9}.Debug|iPhone.ActiveCfg = Debug|Any CPU
		{9337F9BF-5533-4400-BC18-52DBCAC9A1B9}.Debug|iPhone.Build.0 = Debug|Any CPU
		{9337F9BF-5533-4400-BC18-52DBCAC9A1B9}.Debug|iPhone.Deploy.0 = Debug|Any CPU
		{9337F9BF-5533-4400-BC18-52DBCAC9A1B9}.Debug|iPhoneSimulator.ActiveCfg = Debug|Any CPU
		{9337F9BF-5533-4400-BC18-52DBCAC9A1B9}.Debug|iPhoneSimulator.Build.0 = Debug|Any CPU
		{9337F9BF-5533-4400-BC18-52DBCAC9A1B9}.Debug|iPhoneSimulator.Deploy.0 = Debug|Any CPU
		{9337F9BF-5533-4400-BC18-52DBCAC9A1B9}.Debug|x64.ActiveCfg = Debug|Any CPU
		{9337F9BF-5533-4400-BC18-52DBCAC9A1B9}.Debug|x64.Build.0 = Debug|Any CPU
		{9337F9BF-5533-4400-BC18-52DBCAC9A1B9}.Debug|x64.Deploy.0 = Debug|Any CPU
		{9337F9BF-5533-4400-BC18-52DBCAC9A1B9}.Debug|x86.ActiveCfg = Debug|Any CPU
		{9337F9BF-5533-4400-BC18-52DBCAC9A1B9}.Debug|x86.Build.0 = Debug|Any CPU
		{9337F9BF-5533-4400-BC18-52DBCAC9A1B9}.Debug|x86.Deploy.0 = Debug|Any CPU
		{9337F9BF-5533-4400-BC18-52DBCAC9A1B9}.Release|Any CPU.ActiveCfg = Release|Any CPU
		{9337F9BF-5533-4400-BC18-52DBCAC9A1B9}.Release|Any CPU.Build.0 = Release|Any CPU
		{9337F9BF-5533-4400-BC18-52DBCAC9A1B9}.Release|Any CPU.Deploy.0 = Release|Any CPU
		{9337F9BF-5533-4400-BC18-52DBCAC9A1B9}.Release|ARM.ActiveCfg = Release|Any CPU
		{9337F9BF-5533-4400-BC18-52DBCAC9A1B9}.Release|ARM.Build.0 = Release|Any CPU
		{9337F9BF-5533-4400-BC18-52DBCAC9A1B9}.Release|ARM.Deploy.0 = Release|Any CPU
		{9337F9BF-5533-4400-BC18-52DBCAC9A1B9}.Release|iPhone.ActiveCfg = Release|Any CPU
		{9337F9BF-5533-4400-BC18-52DBCAC9A1B9}.Release|iPhone.Build.0 = Release|Any CPU
		{9337F9BF-5533-4400-BC18-52DBCAC9A1B9}.Release|iPhone.Deploy.0 = Release|Any CPU
		{9337F9BF-5533-4400-BC18-52DBCAC9A1B9}.Release|iPhoneSimulator.ActiveCfg = Release|Any CPU
		{9337F9BF-5533-4400-BC18-52DBCAC9A1B9}.Release|iPhoneSimulator.Build.0 = Release|Any CPU
		{9337F9BF-5533-4400-BC18-52DBCAC9A1B9}.Release|iPhoneSimulator.Deploy.0 = Release|Any CPU
		{9337F9BF-5533-4400-BC18-52DBCAC9A1B9}.Release|x64.ActiveCfg = Release|Any CPU
		{9337F9BF-5533-4400-BC18-52DBCAC9A1B9}.Release|x64.Build.0 = Release|Any CPU
		{9337F9BF-5533-4400-BC18-52DBCAC9A1B9}.Release|x64.Deploy.0 = Release|Any CPU
		{9337F9BF-5533-4400-BC18-52DBCAC9A1B9}.Release|x86.ActiveCfg = Release|Any CPU
		{9337F9BF-5533-4400-BC18-52DBCAC9A1B9}.Release|x86.Build.0 = Release|Any CPU
		{9337F9BF-5533-4400-BC18-52DBCAC9A1B9}.Release|x86.Deploy.0 = Release|Any CPU
	EndGlobalSection
	GlobalSection(SolutionProperties) = preSolution
		HideSolutionNode = FALSE
	EndGlobalSection
	GlobalSection(ExtensibilityGlobals) = postSolution
		SolutionGuid = {3C92CD8C-1EE0-4758-AC2E-0DAF047E46B8}
	EndGlobalSection
EndGlobal
